
Microsoft Visual Studio Solution File, Format Version 12.00
# Visual Studio 15
VisualStudioVersion = 15.0.28307.329
MinimumVisualStudioVersion = 10.0.40219.1
Project("{FAE04EC0-301F-11D3-BF4B-00C04F79EFBC}") = "HW3 FileIO and Recursion", "HW3 FileIO and Recursion\HW3 FileIO and Recursion.csproj", "{CBC4D56E-B1C8-4E5E-906B-318D11CE5F14}"
EndProject
Global
	GlobalSection(SolutionConfigurationPlatforms) = preSolution
		Debug|Any CPU = Debug|Any CPU
		Release|Any CPU = Release|Any CPU
	EndGlobalSection
	GlobalSection(ProjectConfigurationPlatforms) = postSolution
		{CBC4D56E-B1C8-4E5E-906B-318D11CE5F14}.Debug|Any CPU.ActiveCfg = Debug|Any CPU
		{CBC4D56E-B1C8-4E5E-906B-318D11CE5F14}.Debug|Any CPU.Build.0 = Debug|Any CPU
		{CBC4D56E-B1C8-4E5E-906B-318D11CE5F14}.Release|Any CPU.ActiveCfg = Release|Any CPU
		{CBC4D56E-B1C8-4E5E-906B-318D11CE5F14}.Release|Any CPU.Build.0 = Release|Any CPU
	EndGlobalSection
	GlobalSection(SolutionProperties) = preSolution
		HideSolutionNode = FALSE
	EndGlobalSection
	GlobalSection(ExtensibilityGlobals) = postSolution
		SolutionGuid = {6F8FB41D-5BC3-4DFD-A62F-AF7F305C41EF}
	EndGlobalSection
EndGlobal
