
Microsoft Visual Studio Solution File, Format Version 12.00
# Visual Studio 15
VisualStudioVersion = 15.0.28307.329
MinimumVisualStudioVersion = 10.0.40219.1
Project("{FAE04EC0-301F-11D3-BF4B-00C04F79EFBC}") = "CS3020_HW2_OOP_Character_Battle", "CS3020_HW2_OOP_Character_Battle\CS3020_HW2_OOP_Character_Battle.csproj", "{2F59F29B-4BE5-4A4A-A887-31FE33DFD24F}"
EndProject
Global
	GlobalSection(SolutionConfigurationPlatforms) = preSolution
		Debug|Any CPU = Debug|Any CPU
		Release|Any CPU = Release|Any CPU
	EndGlobalSection
	GlobalSection(ProjectConfigurationPlatforms) = postSolution
		{2F59F29B-4BE5-4A4A-A887-31FE33DFD24F}.Debug|Any CPU.ActiveCfg = Debug|Any CPU
		{2F59F29B-4BE5-4A4A-A887-31FE33DFD24F}.Debug|Any CPU.Build.0 = Debug|Any CPU
		{2F59F29B-4BE5-4A4A-A887-31FE33DFD24F}.Release|Any CPU.ActiveCfg = Release|Any CPU
		{2F59F29B-4BE5-4A4A-A887-31FE33DFD24F}.Release|Any CPU.Build.0 = Release|Any CPU
	EndGlobalSection
	GlobalSection(SolutionProperties) = preSolution
		HideSolutionNode = FALSE
	EndGlobalSection
	GlobalSection(ExtensibilityGlobals) = postSolution
		SolutionGuid = {C2256D75-40E5-41FD-B19E-28C38A3B6E5D}
	EndGlobalSection
EndGlobal
