
Microsoft Visual Studio Solution File, Format Version 12.00
# Visual Studio 15
VisualStudioVersion = 15.0.28307.329
MinimumVisualStudioVersion = 10.0.40219.1
Project("{FAE04EC0-301F-11D3-BF4B-00C04F79EFBC}") = "CS3020_Enigma_Machine_HW", "CS3020_Enigma_Machine_HW\CS3020_Enigma_Machine_HW.csproj", "{51C99438-6072-44A3-A4DD-F3755C10BD13}"
EndProject
Global
	GlobalSection(SolutionConfigurationPlatforms) = preSolution
		Debug|Any CPU = Debug|Any CPU
		Release|Any CPU = Release|Any CPU
	EndGlobalSection
	GlobalSection(ProjectConfigurationPlatforms) = postSolution
		{51C99438-6072-44A3-A4DD-F3755C10BD13}.Debug|Any CPU.ActiveCfg = Debug|Any CPU
		{51C99438-6072-44A3-A4DD-F3755C10BD13}.Debug|Any CPU.Build.0 = Debug|Any CPU
		{51C99438-6072-44A3-A4DD-F3755C10BD13}.Release|Any CPU.ActiveCfg = Release|Any CPU
		{51C99438-6072-44A3-A4DD-F3755C10BD13}.Release|Any CPU.Build.0 = Release|Any CPU
	EndGlobalSection
	GlobalSection(SolutionProperties) = preSolution
		HideSolutionNode = FALSE
	EndGlobalSection
	GlobalSection(ExtensibilityGlobals) = postSolution
		SolutionGuid = {42990BF3-2385-41B4-B2AD-57DB64257860}
	EndGlobalSection
EndGlobal
